
Microsoft Visual Studio Solution File, Format Version 12.00
# Visual Studio Version 17
VisualStudioVersion = 17.5.002.0
MinimumVisualStudioVersion = 10.0.40219.1
Project("{9A19103F-16F7-4668-BE54-9A1E7A4F7556}") = "MakeItRight", "MakeItRight.csproj", "{4D272B4A-34A6-45E4-80B1-76E64ACFEFAC}"
EndProject
Global
	GlobalSection(SolutionConfigurationPlatforms) = preSolution
		Debug|Any CPU = Debug|Any CPU
		Release|Any CPU = Release|Any CPU
	EndGlobalSection
	GlobalSection(ProjectConfigurationPlatforms) = postSolution
		{4D272B4A-34A6-45E4-80B1-76E64ACFEFAC}.Debug|Any CPU.ActiveCfg = Debug|Any CPU
		{4D272B4A-34A6-45E4-80B1-76E64ACFEFAC}.Debug|Any CPU.Build.0 = Debug|Any CPU
		{4D272B4A-34A6-45E4-80B1-76E64ACFEFAC}.Release|Any CPU.ActiveCfg = Release|Any CPU
		{4D272B4A-34A6-45E4-80B1-76E64ACFEFAC}.Release|Any CPU.Build.0 = Release|Any CPU
	EndGlobalSection
	GlobalSection(SolutionProperties) = preSolution
		HideSolutionNode = FALSE
	EndGlobalSection
	GlobalSection(ExtensibilityGlobals) = postSolution
		SolutionGuid = {18229DEA-B6F5-403E-9313-FF0D085FABCD}
	EndGlobalSection
EndGlobal
